{
    "version": 3,
    "terraform_version": "0.11.9",
    "serial": 20,
    "lineage": "3ea66cc3-933f-e5d8-3e20-1120c557bfcf",
    "modules": [
        {
            "path": [
                "root"
            ],
            "outputs": {},
            "resources": {
                "aws_instance.secondserver": {
                    "type": "aws_instance",
                    "depends_on": [
                        "aws_subnet.subnet2",
                        "data.aws_ami.ubuntu"
                    ],
                    "primary": {
                        "id": "i-00f8da86bf381d32f",
                        "attributes": {
                            "ami": "ami-0ea790e761025f9ce",
                            "arn": "arn:aws:ec2:us-west-2:337566665844:instance/i-00f8da86bf381d32f",
                            "associate_public_ip_address": "false",
                            "availability_zone": "us-west-2b",
                            "cpu_core_count": "1",
                            "cpu_threads_per_core": "1",
                            "credit_specification.#": "1",
                            "credit_specification.0.cpu_credits": "standard",
                            "disable_api_termination": "false",
                            "ebs_block_device.#": "0",
                            "ebs_optimized": "false",
                            "ephemeral_block_device.#": "0",
                            "get_password_data": "false",
                            "iam_instance_profile": "",
                            "id": "i-00f8da86bf381d32f",
                            "instance_state": "running",
                            "instance_type": "t2.micro",
                            "ipv6_addresses.#": "0",
                            "key_name": "",
                            "monitoring": "false",
                            "network_interface.#": "0",
                            "network_interface_id": "eni-0c87dfe268899df7e",
                            "password_data": "",
                            "placement_group": "",
                            "primary_network_interface_id": "eni-0c87dfe268899df7e",
                            "private_dns": "ip-10-0-183-153.us-west-2.compute.internal",
                            "private_ip": "10.0.183.153",
                            "public_dns": "",
                            "public_ip": "",
                            "root_block_device.#": "1",
                            "root_block_device.0.delete_on_termination": "true",
                            "root_block_device.0.iops": "100",
                            "root_block_device.0.volume_id": "vol-06ac6280f485cee14",
                            "root_block_device.0.volume_size": "8",
                            "root_block_device.0.volume_type": "gp2",
                            "security_groups.#": "0",
                            "source_dest_check": "true",
                            "subnet_id": "subnet-0fca050e3562f7bd4",
                            "tags.%": "1",
                            "tags.Name": "identifiertag",
                            "tenancy": "default",
                            "volume_tags.%": "0",
                            "vpc_security_group_ids.#": "1",
                            "vpc_security_group_ids.870386345": "sg-05a771bf4107843ad"
                        },
                        "meta": {
                            "e2bfb730-ecaa-11e6-8f88-34363bc7c4c0": {
                                "create": 600000000000,
                                "delete": 1200000000000,
                                "update": 600000000000
                            },
                            "schema_version": "1"
                        },
                        "tainted": false
                    },
                    "deposed": [],
                    "provider": "provider.aws"
                },
                "aws_security_group.subnetsecurity": {
                    "type": "aws_security_group",
                    "depends_on": [
                        "aws_vpc.environment_example_two"
                    ],
                    "primary": {
                        "id": "sg-01ee8a37487f4b708",
                        "attributes": {
                            "arn": "arn:aws:ec2:us-west-2:337566665844:security-group/sg-01ee8a37487f4b708",
                            "description": "Managed by Terraform",
                            "egress.#": "0",
                            "id": "sg-01ee8a37487f4b708",
                            "ingress.#": "1",
                            "ingress.2165049311.cidr_blocks.#": "1",
                            "ingress.2165049311.cidr_blocks.0": "10.0.0.0/16",
                            "ingress.2165049311.description": "",
                            "ingress.2165049311.from_port": "80",
                            "ingress.2165049311.ipv6_cidr_blocks.#": "0",
                            "ingress.2165049311.prefix_list_ids.#": "0",
                            "ingress.2165049311.protocol": "tcp",
                            "ingress.2165049311.security_groups.#": "0",
                            "ingress.2165049311.self": "false",
                            "ingress.2165049311.to_port": "80",
                            "name": "terraform-20181026154505619500000001",
                            "owner_id": "337566665844",
                            "revoke_rules_on_delete": "false",
                            "tags.%": "0",
                            "vpc_id": "vpc-0d3e9e66f63991f8b"
                        },
                        "meta": {
                            "e2bfb730-ecaa-11e6-8f88-34363bc7c4c0": {
                                "create": 600000000000,
                                "delete": 600000000000
                            },
                            "schema_version": "1"
                        },
                        "tainted": false
                    },
                    "deposed": [],
                    "provider": "provider.aws"
                },
                "aws_subnet.subnet1": {
                    "type": "aws_subnet",
                    "depends_on": [
                        "aws_vpc.environment_example_two"
                    ],
                    "primary": {
                        "id": "subnet-0c2b7cb6d37e89f95",
                        "attributes": {
                            "arn": "arn:aws:ec2:us-west-2:337566665844:subnet/subnet-0c2b7cb6d37e89f95",
                            "assign_ipv6_address_on_creation": "false",
                            "availability_zone": "us-west-2a",
                            "cidr_block": "10.0.32.0/19",
                            "id": "subnet-0c2b7cb6d37e89f95",
                            "map_public_ip_on_launch": "false",
                            "tags.%": "0",
                            "vpc_id": "vpc-0d3e9e66f63991f8b"
                        },
                        "meta": {
                            "e2bfb730-ecaa-11e6-8f88-34363bc7c4c0": {
                                "create": 600000000000,
                                "delete": 600000000000
                            },
                            "schema_version": "1"
                        },
                        "tainted": false
                    },
                    "deposed": [],
                    "provider": "provider.aws"
                },
                "aws_subnet.subnet2": {
                    "type": "aws_subnet",
                    "depends_on": [
                        "aws_vpc.environment_example_two"
                    ],
                    "primary": {
                        "id": "subnet-0fca050e3562f7bd4",
                        "attributes": {
                            "arn": "arn:aws:ec2:us-west-2:337566665844:subnet/subnet-0fca050e3562f7bd4",
                            "assign_ipv6_address_on_creation": "false",
                            "availability_zone": "us-west-2b",
                            "cidr_block": "10.0.128.0/18",
                            "id": "subnet-0fca050e3562f7bd4",
                            "map_public_ip_on_launch": "false",
                            "tags.%": "0",
                            "vpc_id": "vpc-0d3e9e66f63991f8b"
                        },
                        "meta": {
                            "e2bfb730-ecaa-11e6-8f88-34363bc7c4c0": {
                                "create": 600000000000,
                                "delete": 600000000000
                            },
                            "schema_version": "1"
                        },
                        "tainted": false
                    },
                    "deposed": [],
                    "provider": "provider.aws"
                },
                "aws_vpc.environment_example_two": {
                    "type": "aws_vpc",
                    "depends_on": [],
                    "primary": {
                        "id": "vpc-0d3e9e66f63991f8b",
                        "attributes": {
                            "arn": "arn:aws:ec2:us-west-2:337566665844:vpc/vpc-0d3e9e66f63991f8b",
                            "assign_generated_ipv6_cidr_block": "false",
                            "cidr_block": "10.0.0.0/16",
                            "default_network_acl_id": "acl-06a1061bb99eea3fd",
                            "default_route_table_id": "rtb-060f3d8cbbc5e1865",
                            "default_security_group_id": "sg-05a771bf4107843ad",
                            "dhcp_options_id": "dopt-d0c305a8",
                            "enable_classiclink": "false",
                            "enable_classiclink_dns_support": "false",
                            "enable_dns_hostnames": "true",
                            "enable_dns_support": "true",
                            "id": "vpc-0d3e9e66f63991f8b",
                            "instance_tenancy": "default",
                            "main_route_table_id": "rtb-060f3d8cbbc5e1865",
                            "tags.%": "1",
                            "tags.Name": "terraform-aws-vpc-example-two"
                        },
                        "meta": {
                            "schema_version": "1"
                        },
                        "tainted": false
                    },
                    "deposed": [],
                    "provider": "provider.aws"
                },
                "azurerm_resource_group.azy_network": {
                    "type": "azurerm_resource_group",
                    "depends_on": [],
                    "primary": {
                        "id": "/subscriptions/5185ac78-f794-45ac-876d-7f0a6807755e/resourceGroups/devresourcegroup",
                        "attributes": {
                            "id": "/subscriptions/5185ac78-f794-45ac-876d-7f0a6807755e/resourceGroups/devresourcegroup",
                            "location": "westus",
                            "name": "devresourcegroup",
                            "tags.%": "0"
                        },
                        "meta": {},
                        "tainted": false
                    },
                    "deposed": [],
                    "provider": "provider.azurerm"
                },
                "azurerm_virtual_network.blue_virtual_network": {
                    "type": "azurerm_virtual_network",
                    "depends_on": [
                        "azurerm_resource_group.azy_network"
                    ],
                    "primary": {
                        "id": "/subscriptions/5185ac78-f794-45ac-876d-7f0a6807755e/resourceGroups/devresourcegroup/providers/Microsoft.Network/virtualNetworks/bluevirtnetwork",
                        "attributes": {
                            "address_space.#": "1",
                            "address_space.0": "10.0.0.0/16",
                            "dns_servers.#": "2",
                            "dns_servers.0": "10.0.0.4",
                            "dns_servers.1": "10.0.0.5",
                            "id": "/subscriptions/5185ac78-f794-45ac-876d-7f0a6807755e/resourceGroups/devresourcegroup/providers/Microsoft.Network/virtualNetworks/bluevirtnetwork",
                            "location": "westus",
                            "name": "bluevirtnetwork",
                            "resource_group_name": "devresourcegroup",
                            "subnet.#": "2",
                            "subnet.1472110187.address_prefix": "10.0.1.0/24",
                            "subnet.1472110187.id": "/subscriptions/5185ac78-f794-45ac-876d-7f0a6807755e/resourceGroups/devresourcegroup/providers/Microsoft.Network/virtualNetworks/bluevirtnetwork/subnets/subnet1",
                            "subnet.1472110187.name": "subnet1",
                            "subnet.1472110187.security_group": "",
                            "subnet.2796830261.address_prefix": "10.0.2.0/24",
                            "subnet.2796830261.id": "/subscriptions/5185ac78-f794-45ac-876d-7f0a6807755e/resourceGroups/devresourcegroup/providers/Microsoft.Network/virtualNetworks/bluevirtnetwork/subnets/subnet2",
                            "subnet.2796830261.name": "subnet2",
                            "subnet.2796830261.security_group": "",
                            "tags.%": "1",
                            "tags.environment": "blue-world-finder"
                        },
                        "meta": {},
                        "tainted": false
                    },
                    "deposed": [],
                    "provider": "provider.azurerm"
                },
                "data.aws_ami.ubuntu": {
                    "type": "aws_ami",
                    "depends_on": [],
                    "primary": {
                        "id": "ami-0ea790e761025f9ce",
                        "attributes": {
                            "architecture": "x86_64",
                            "block_device_mappings.#": "3",
                            "block_device_mappings.1634610537.device_name": "/dev/sdb",
                            "block_device_mappings.1634610537.ebs.%": "0",
                            "block_device_mappings.1634610537.no_device": "",
                            "block_device_mappings.1634610537.virtual_name": "ephemeral0",
                            "block_device_mappings.2547816212.device_name": "/dev/sda1",
                            "block_device_mappings.2547816212.ebs.%": "6",
                            "block_device_mappings.2547816212.ebs.delete_on_termination": "true",
                            "block_device_mappings.2547816212.ebs.encrypted": "false",
                            "block_device_mappings.2547816212.ebs.iops": "0",
                            "block_device_mappings.2547816212.ebs.snapshot_id": "snap-0a1497060266fcff3",
                            "block_device_mappings.2547816212.ebs.volume_size": "8",
                            "block_device_mappings.2547816212.ebs.volume_type": "gp2",
                            "block_device_mappings.2547816212.no_device": "",
                            "block_device_mappings.2547816212.virtual_name": "",
                            "block_device_mappings.3850042718.device_name": "/dev/sdc",
                            "block_device_mappings.3850042718.ebs.%": "0",
                            "block_device_mappings.3850042718.no_device": "",
                            "block_device_mappings.3850042718.virtual_name": "ephemeral1",
                            "creation_date": "2018-10-23T12:23:46.000Z",
                            "description": "Canonical, Ubuntu, 14.04 LTS, amd64 trusty image build on 2018-10-22",
                            "filter.#": "2",
                            "filter.4182425345.name": "name",
                            "filter.4182425345.values.#": "1",
                            "filter.4182425345.values.0": "ubuntu/images/hvm-ssd/ubuntu-trusty-14.04-amd64-server-*",
                            "filter.490168357.name": "virtualization-type",
                            "filter.490168357.values.#": "1",
                            "filter.490168357.values.0": "hvm",
                            "hypervisor": "xen",
                            "id": "ami-0ea790e761025f9ce",
                            "image_id": "ami-0ea790e761025f9ce",
                            "image_location": "099720109477/ubuntu/images/hvm-ssd/ubuntu-trusty-14.04-amd64-server-20181022",
                            "image_type": "machine",
                            "most_recent": "true",
                            "name": "ubuntu/images/hvm-ssd/ubuntu-trusty-14.04-amd64-server-20181022",
                            "owner_id": "099720109477",
                            "owners.#": "1",
                            "owners.0": "099720109477",
                            "product_codes.#": "0",
                            "public": "true",
                            "root_device_name": "/dev/sda1",
                            "root_device_type": "ebs",
                            "root_snapshot_id": "snap-0a1497060266fcff3",
                            "sriov_net_support": "simple",
                            "state": "available",
                            "state_reason.%": "2",
                            "state_reason.code": "UNSET",
                            "state_reason.message": "UNSET",
                            "tags.%": "0",
                            "virtualization_type": "hvm"
                        },
                        "meta": {},
                        "tainted": false
                    },
                    "deposed": [],
                    "provider": "provider.aws"
                },
                "google_compute_network.our_development_network": {
                    "type": "google_compute_network",
                    "depends_on": [],
                    "primary": {
                        "id": "devnetwork",
                        "attributes": {
                            "auto_create_subnetworks": "false",
                            "description": "",
                            "gateway_ipv4": "",
                            "id": "devnetwork",
                            "ipv4_range": "",
                            "name": "devnetwork",
                            "project": "terraformproj1",
                            "routing_mode": "REGIONAL",
                            "self_link": "https://www.googleapis.com/compute/v1/projects/terraformproj1/global/networks/devnetwork"
                        },
                        "meta": {},
                        "tainted": false
                    },
                    "deposed": [],
                    "provider": "provider.google"
                },
                "google_compute_subnetwork.dev_subnet": {
                    "type": "google_compute_subnetwork",
                    "depends_on": [
                        "google_compute_network.our_development_network"
                    ],
                    "primary": {
                        "id": "us-west1/subnetname1",
                        "attributes": {
                            "creation_timestamp": "2018-10-26T08:45:00.160-07:00",
                            "description": "",
                            "enable_flow_logs": "false",
                            "fingerprint": "-H7ln1V3A4Y=",
                            "gateway_address": "10.0.0.1",
                            "id": "us-west1/subnetname1",
                            "ip_cidr_range": "10.0.0.0/16",
                            "name": "subnetname1",
                            "network": "https://www.googleapis.com/compute/v1/projects/terraformproj1/global/networks/devnetwork",
                            "private_ip_google_access": "false",
                            "project": "terraformproj1",
                            "region": "us-west1",
                            "secondary_ip_range.#": "0",
                            "self_link": "https://www.googleapis.com/compute/v1/projects/terraformproj1/regions/us-west1/subnetworks/subnetname1"
                        },
                        "meta": {
                            "e2bfb730-ecaa-11e6-8f88-34363bc7c4c0": {
                                "create": 360000000000,
                                "delete": 360000000000,
                                "update": 360000000000
                            }
                        },
                        "tainted": false
                    },
                    "deposed": [],
                    "provider": "provider.google"
                },
                "google_container_cluster.kubey": {
                    "type": "google_container_cluster",
                    "depends_on": [],
                    "primary": {
                        "id": "kubeycluster",
                        "attributes": {
                            "additional_zones.#": "1",
                            "additional_zones.3926883567": "us-west1-b",
                            "addons_config.#": "1",
                            "addons_config.0.horizontal_pod_autoscaling.#": "0",
                            "addons_config.0.http_load_balancing.#": "0",
                            "addons_config.0.kubernetes_dashboard.#": "0",
                            "addons_config.0.network_policy_config.#": "1",
                            "addons_config.0.network_policy_config.0.disabled": "true",
                            "cluster_ipv4_cidr": "10.60.0.0/14",
                            "description": "",
                            "enable_binary_authorization": "false",
                            "enable_kubernetes_alpha": "false",
                            "enable_legacy_abac": "false",
                            "enable_tpu": "false",
                            "endpoint": "35.199.171.13",
                            "id": "kubeycluster",
                            "initial_node_count": "1",
                            "instance_group_urls.#": "2",
                            "instance_group_urls.0": "https://www.googleapis.com/compute/v1/projects/terraformproj1/zones/us-west1-a/instanceGroups/gke-kubeycluster-default-pool-9e5a3838-grp",
                            "instance_group_urls.1": "https://www.googleapis.com/compute/v1/projects/terraformproj1/zones/us-west1-b/instanceGroups/gke-kubeycluster-default-pool-88111e7a-grp",
                            "ip_allocation_policy.#": "0",
                            "logging_service": "logging.googleapis.com",
                            "maintenance_policy.#": "0",
                            "master_auth.#": "1",
                            "master_auth.0.client_certificate": "LS0tLS1CRUdJTiBDRVJUSUZJQ0FURS0tLS0tCk1JSUMyekNDQWNPZ0F3SUJBZ0lSQUw4cWdVQjdxMU9Lb2lLUkR1VlV4aXN3RFFZSktvWklodmNOQVFFTEJRQXcKTHpFdE1Dc0dBMVVFQXhNa1ltUmpPR1JsTlRFdFkySmtaaTAwT0RrM0xUZ3lPRGt0TUdVek9EVmtOV001WXpObApNQjRYRFRFNE1UQXlOakUxTkRRME5Wb1hEVEl6TVRBeU5URTFORFEwTlZvd0VURVBNQTBHQTFVRUF4TUdZMnhwClpXNTBNSUlCSWpBTkJna3Foa2lHOXcwQkFRRUZBQU9DQVE4QU1JSUJDZ0tDQVFFQWxPWWZXelZmaGVqZGw3S1cKczRtd3NyUUs1YzZOQTNZZGZ3UC9HUGVCTHJkZm9heEtBZUdmdWVDWU9ub3FnQm1pSm1VdXNUQkpBYkRZcVhnTgpMenhtbkhuajI2c1lUWlVtWEI2cEx4Q1hQZVlvc3BLTVoxM2svNjBVY1cramNuWjd1K3k1cVdzZllMZ29PUVRTCnBGRDE5T29GTEl0MUwrVHpzQUNHd3ZRYmxSbFN2aHVBUVJCS3hBenp2NHNZMUUxQlhsSWs4Snd6NjJnWHRZMTYKMXlJVHdWbzlob05CZzkwdUZoNSsxdXpFYm00amFWcHNXYzZoNDI3TjFYNFVIU0pUQ1VSelpuZ0JUTCtUS0xGdAppT2w0bmRiZnNYbU1WN3NzdzhTa2IzQVhiV3V1UkdDeWpQalpvQVE2QkUydXRpemdaVVZMNUZCZWxRUGRqMWtpCk9IZU5td0lEQVFBQm94QXdEakFNQmdOVkhSTUJBZjhFQWpBQU1BMEdDU3FHU0liM0RRRUJDd1VBQTRJQkFRQkcKRzd6TWtBQVRRVVU4aGNRUFFRQzNMN0p1VEFXbXpIdlpzQm5qOXRIUTFDcldjRVdxMEZFaklzSmJLeHVQWlArNQpPanBjaHRFRzhsNDFVb2NyM1JhVEk5U3R3dVllVE00Z3ZKOGw4cGlRZm5LWUxOV1VhOExVYjE4bmJmVkRKcTU0Cmdoc01zOEJ5Rno0ZkVabVV6SWNuVHphc1h1a29nS3BoeWs0UElqanhZdXFsaVBYa1pjMnk1NmxXSjlISUZzbXIKZ0dKaFFuNTNRaVJGZXhDK3Zvell6bEdCcnU4N28vZCtIcjJwS0tQUTlaYnVHeXFzbXRrZ2J3c0JXMnVnS1BDaAovbWk4UjdreFloK0t4N2dhY2ZrbmtoU0tWRVIwME51L1MxQjdZeitwOTNvdEd1b3h3UWZGa1ZJcDVZQ3JweHZFCnUxZDI2dHRGOVJKUk8wdVJpZ0tGCi0tLS0tRU5EIENFUlRJRklDQVRFLS0tLS0K",
                            "master_auth.0.client_certificate_config.#": "0",
                            "master_auth.0.client_key": "LS0tLS1CRUdJTiBSU0EgUFJJVkFURSBLRVktLS0tLQpNSUlFb3dJQkFBS0NBUUVBbE9ZZld6VmZoZWpkbDdLV3M0bXdzclFLNWM2TkEzWWRmd1AvR1BlQkxyZGZvYXhLCkFlR2Z1ZUNZT25vcWdCbWlKbVV1c1RCSkFiRFlxWGdOTHp4bW5IbmoyNnNZVFpVbVhCNnBMeENYUGVZb3NwS00KWjEzay82MFVjVytqY25aN3UreTVxV3NmWUxnb09RVFNwRkQxOU9vRkxJdDFMK1R6c0FDR3d2UWJsUmxTdmh1QQpRUkJLeEF6enY0c1kxRTFCWGxJazhKd3o2MmdYdFkxNjF5SVR3Vm85aG9OQmc5MHVGaDUrMXV6RWJtNGphVnBzCldjNmg0MjdOMVg0VUhTSlRDVVJ6Wm5nQlRMK1RLTEZ0aU9sNG5kYmZzWG1NVjdzc3c4U2tiM0FYYld1dVJHQ3kKalBqWm9BUTZCRTJ1dGl6Z1pVVkw1RkJlbFFQZGoxa2lPSGVObXdJREFRQUJBb0lCQUFkNmJVMjc1d0hIT2NYaQpLczUybG1ETFNSYlVvbUZ2bjdpZTMwT0dQcjgxWjRDcnNnWFpLcGYvenpWMHFFakp3TXFUMzEzMzBscmE0bTdVCmdEa0VuQlMwekh4ZVlmaVhpcGNxMVExdmxHRC8rOEJJT3ZRQUU3M0JtQnJBWkNHZUVNWFY5RmN0Y2FSK2EwcTkKMHNSODZuVjBBWEdFeVl4dnY4dHhvMU1NUm94YzV4Mk5NRzhDeE9tU1N5NWUyTG5tYVk5dzdpSElGcDA4VEFLcgp5N1NHR3dtNWx3ZGthMVhMclRoN3hhb3R5V2NrN1dmaHFjYURDb3FvMXIwbTNwWi9UZjREQ2FtU0FZNGFXN0xCCjZDdWN5TUcxT1pYYnJpZDRqOGppd04rT09GWWhpNDM3OVFmeGNhejRpbXUxL0ZxcG0xcjQ1UGRGSkoyRmVscksKR2VKRDlIRUNnWUVBeGFESEpHRUw3cm5kVWZXOUlHVzNjd1RlbUc4RUJGL3A3V29MYVA4TnA3d2dsUERrNDlOawpvd3BYWXdjUlFlQUFVRzM3SkZzdlZPTm5hTTAvTVh6TnZJdUMzcC81bm1QMWRHSnplSHI0QVF5b0FCUW4vc1pHCk9LMldKenhtZWlCZjkwR1h5R1hwcDhOekVVRHYzY1cvVTkxQUhHSGJsTklBQTZna2dqd1hJdEVDZ1lFQXdPREwKeVFTc05OQnIyWlJ5c1ZOUVd1YjNOOVNhY3dlRGd6d0J2N0FLTUlqdDJKTGNrYlJ2d05EUzlUMGkrdGVyRzVuTAo5Z3M4ZTJxMVJXREpDU3k1Z001VWNwK052TVZvZk4vY2JvQVZTd3A1OFlrVGZKbnE2MzhaUEcwKzVrUTZOZVo1Ck1XYzZBRk1vb3ZmOVFJbE13OUx3SnVjTkZTY2svbElJMHRLcGpLc0NnWUFoRWptZy9kaDRWNFFRemhXYkVVcDAKcGZEMkEwWGgwWWNjNHEwTUlmcFFBbXhWWUVaOVZZZTJ2T2xJdWdzS1FnanJiS3dsTmxraVZIZWVreElySHQ1eQoyY25KcFcycE1zTUZlZUFtM2pVWVA5enhQbTQrOVVFVkJQOW1pM1grbytKTFJ4KzJPayt5Y2tPVU5KQ3ZSUU15CmJvam05djArMXpHSGF5REk1bk5jc1FLQmdRQzYxZ2NSaGxFNko5c1JQVmVNcG1Qa2FtOTN5WjZEWnZmaUhES2wKZU9XbDlqNVAySk9KSVB4UUR2a0xUbG1nRzJKSXJrYUE1SW1HRSt2Y2ROREk3bVlUZThzWjdhemkrMmNuNzhJYgoyRDdJSGpIWjR5clpQRS93SjRKT29wU1hnZWZSWnB4bld0TTRsVlY3NkRXT1duSGVEMnRLZys2TVd3cmV3S0NECmVFVjlXUUtCZ0dTTWxFUnZGZjN1ckt5ZUEyTjJQWVFFS2RLdythY1NzMURJb0s1Rlg2R2RzaGhlb0hieVkzak4KU1dOa0FhY0lGSDFJU0hxTlpNQmpkVWlyN3dCVURldXloeEVUNVd5MlNLdGRwR3JMSUppa2lnN0tUcGdJdCtWTgpsa1M2aTlIMVNvMWc4N1FyZklqVXMzdHBuYzBJQVRWQ2M0ZEh1eksxUkt4TFB3ZlQweDNVCi0tLS0tRU5EIFJTQSBQUklWQVRFIEtFWS0tLS0tCg==",
                            "master_auth.0.cluster_ca_certificate": "LS0tLS1CRUdJTiBDRVJUSUZJQ0FURS0tLS0tCk1JSURDekNDQWZPZ0F3SUJBZ0lRUysvQk1iYlU2TFI1bit3bWMxcGozekFOQmdrcWhraUc5dzBCQVFzRkFEQXYKTVMwd0t3WURWUVFERXlSaVpHTTRaR1UxTVMxalltUm1MVFE0T1RjdE9ESTRPUzB3WlRNNE5XUTFZemxqTTJVdwpIaGNOTVRneE1ESTJNVFEwTkRRMVdoY05Nak14TURJMU1UVTBORFExV2pBdk1TMHdLd1lEVlFRREV5UmlaR000ClpHVTFNUzFqWW1SbUxUUTRPVGN0T0RJNE9TMHdaVE00TldRMVl6bGpNMlV3Z2dFaU1BMEdDU3FHU0liM0RRRUIKQVFVQUE0SUJEd0F3Z2dFS0FvSUJBUURTMFVGK1drMlg3NW56TFZ5M29yMlFldTczMGE4cEFIRXZmaFhCaUtPdQpyMFhQUVF3RUt5TmJiRTJoL2hJRUZJdHFXcjA1R1N5cktDRkxkajN3VjlNN3M4NDJZYVNBWHBUb0ZXYWdveForCmkvRnF4by84cDBOMDVEajVCdWhKMStjcTg4WGRnY1BINDJBSmtQV0RleFJUY1NLVmhsT3NlT1B5WlMxYlNPZngKVDhuUmFNMzRIT20zbkl5Q3Qvd3YvRzhNMFg5LzRYODN5T2NhaWFnMkJvYktrbHEwWlJTcnZsM0h3SmtLSmpNUQpKZG5ONFZ0cGU1dEsydE5LNEhoU2pyNTgranYwK0ErTmdGYWRpVEt2cC9DTmtGdi9MaGZkc01aZTNzT0habWJSCmRkNm43N2RVOG1xclBQQk1rRlNVaFdmakxNWUJqSzFoZVkveHZWejJxMldEQWdNQkFBR2pJekFoTUE0R0ExVWQKRHdFQi93UUVBd0lDQkRBUEJnTlZIUk1CQWY4RUJUQURBUUgvTUEwR0NTcUdTSWIzRFFFQkN3VUFBNElCQVFESgptMHVLdEViWnY2ai81Z0paUzNwS1hsZjc0V3UwQkhkWS8wcnRsM1hoN1ZLajZvcVZZUlFQQ2hwc1owNXJHL3lBClJwampmdC9nMUNuSnFWZTY2UWZjTHNFaTlxaTlOVGFFTW9uRjMrcWtDZWtKaTJxcm9yY1l4clBYR25WUTYxZDgKRlVnN0MzUnhlRVBRVVdrbzlObGVRNHZVUlVmcTIzNjZKenh5dDdCcktScVZzOXhrODdtMk0rR1JHanI3QmNpcwppRDExWEpXOFRJUXg4ZHh2L0o1L1h2MXgycHlNOHM0RThxNmJ5c0REYTlHTmt3NFNselhmZFNoaWJjUndWZnY5CkkrQ0xiOHpndmN5UDZPaFJjaUF6dUQwKzRITUhlTDhwZzdtbFk2TEVoeXZZNXB5VmtkVnZ5MzBtd2FITHM2bGQKMVdnLzgvVjR2b1pxZUNhcGwvNTcKLS0tLS1FTkQgQ0VSVElGSUNBVEUtLS0tLQo=",
                            "master_auth.0.password": "password-16-or--more-characters",
                            "master_auth.0.username": "username",
                            "master_authorized_networks_config.#": "0",
                            "master_ipv4_cidr_block": "",
                            "master_version": "1.9.7-gke.6",
                            "monitoring_service": "monitoring.googleapis.com",
                            "name": "kubeycluster",
                            "network": "projects/terraformproj1/global/networks/default",
                            "network_policy.#": "1",
                            "network_policy.0.enabled": "false",
                            "network_policy.0.provider": "PROVIDER_UNSPECIFIED",
                            "node_config.#": "1",
                            "node_config.0.disk_size_gb": "100",
                            "node_config.0.disk_type": "pd-standard",
                            "node_config.0.guest_accelerator.#": "0",
                            "node_config.0.image_type": "COS",
                            "node_config.0.labels.%": "1",
                            "node_config.0.labels.this-is-for": "dev-cluster",
                            "node_config.0.local_ssd_count": "0",
                            "node_config.0.machine_type": "n1-standard-1",
                            "node_config.0.metadata.%": "0",
                            "node_config.0.min_cpu_platform": "",
                            "node_config.0.oauth_scopes.#": "4",
                            "node_config.0.oauth_scopes.1277378754": "https://www.googleapis.com/auth/monitoring",
                            "node_config.0.oauth_scopes.1632638332": "https://www.googleapis.com/auth/devstorage.read_only",
                            "node_config.0.oauth_scopes.172152165": "https://www.googleapis.com/auth/logging.write",
                            "node_config.0.oauth_scopes.299962681": "https://www.googleapis.com/auth/compute",
                            "node_config.0.preemptible": "false",
                            "node_config.0.service_account": "default",
                            "node_config.0.tags.#": "2",
                            "node_config.0.tags.0": "dev",
                            "node_config.0.tags.1": "work",
                            "node_config.0.taint.#": "0",
                            "node_config.0.workload_metadata_config.#": "0",
                            "node_pool.#": "1",
                            "node_pool.0.autoscaling.#": "0",
                            "node_pool.0.initial_node_count": "1",
                            "node_pool.0.instance_group_urls.#": "2",
                            "node_pool.0.instance_group_urls.0": "https://www.googleapis.com/compute/v1/projects/terraformproj1/zones/us-west1-a/instanceGroupManagers/gke-kubeycluster-default-pool-9e5a3838-grp",
                            "node_pool.0.instance_group_urls.1": "https://www.googleapis.com/compute/v1/projects/terraformproj1/zones/us-west1-b/instanceGroupManagers/gke-kubeycluster-default-pool-88111e7a-grp",
                            "node_pool.0.management.#": "1",
                            "node_pool.0.management.0.auto_repair": "false",
                            "node_pool.0.management.0.auto_upgrade": "false",
                            "node_pool.0.max_pods_per_node": "0",
                            "node_pool.0.name": "default-pool",
                            "node_pool.0.name_prefix": "",
                            "node_pool.0.node_config.#": "1",
                            "node_pool.0.node_config.0.disk_size_gb": "100",
                            "node_pool.0.node_config.0.disk_type": "pd-standard",
                            "node_pool.0.node_config.0.guest_accelerator.#": "0",
                            "node_pool.0.node_config.0.image_type": "COS",
                            "node_pool.0.node_config.0.labels.%": "1",
                            "node_pool.0.node_config.0.labels.this-is-for": "dev-cluster",
                            "node_pool.0.node_config.0.local_ssd_count": "0",
                            "node_pool.0.node_config.0.machine_type": "n1-standard-1",
                            "node_pool.0.node_config.0.metadata.%": "0",
                            "node_pool.0.node_config.0.min_cpu_platform": "",
                            "node_pool.0.node_config.0.oauth_scopes.#": "4",
                            "node_pool.0.node_config.0.oauth_scopes.1277378754": "https://www.googleapis.com/auth/monitoring",
                            "node_pool.0.node_config.0.oauth_scopes.1632638332": "https://www.googleapis.com/auth/devstorage.read_only",
                            "node_pool.0.node_config.0.oauth_scopes.172152165": "https://www.googleapis.com/auth/logging.write",
                            "node_pool.0.node_config.0.oauth_scopes.299962681": "https://www.googleapis.com/auth/compute",
                            "node_pool.0.node_config.0.preemptible": "false",
                            "node_pool.0.node_config.0.service_account": "default",
                            "node_pool.0.node_config.0.tags.#": "2",
                            "node_pool.0.node_config.0.tags.0": "dev",
                            "node_pool.0.node_config.0.tags.1": "work",
                            "node_pool.0.node_config.0.taint.#": "0",
                            "node_pool.0.node_config.0.workload_metadata_config.#": "0",
                            "node_pool.0.node_count": "1",
                            "node_pool.0.version": "1.9.7-gke.6",
                            "node_version": "1.9.7-gke.6",
                            "pod_security_policy_config.#": "0",
                            "private_cluster": "false",
                            "project": "terraformproj1",
                            "resource_labels.%": "0",
                            "subnetwork": "projects/terraformproj1/regions/us-west1/subnetworks/default",
                            "zone": "us-west1-a"
                        },
                        "meta": {
                            "e2bfb730-ecaa-11e6-8f88-34363bc7c4c0": {
                                "create": 1800000000000,
                                "delete": 1800000000000,
                                "update": 600000000000
                            },
                            "schema_version": "1"
                        },
                        "tainted": false
                    },
                    "deposed": [],
                    "provider": "provider.google"
                }
            },
            "depends_on": []
        }
    ]
}
